// !$*UTF8*$!
{
	archiveVersion = 1;
	classes = {
	};
	objectVersion = 56;
	objects = {

/* Begin PBXBuildFile section */
		4F6ED7702B718715000E4594 /* UserContentListView.swift in Sources */ = {isa = PBXBuildFile; fileRef = 4F6ED76F2B718715000E4594 /* UserContentListView.swift */; };
		4F6ED7722B71871F000E4594 /* UserContentListViewModel.swift in Sources */ = {isa = PBXBuildFile; fileRef = 4F6ED7712B71871F000E4594 /* UserContentListViewModel.swift */; };
		4F6ED7762B71890F000E4594 /* GoalViewCell.swift in Sources */ = {isa = PBXBuildFile; fileRef = 4F6ED7752B71890F000E4594 /* GoalViewCell.swift */; };
		4F6ED77C2B726CB6000E4594 /* UserProfileView.swift in Sources */ = {isa = PBXBuildFile; fileRef = 4F6ED77B2B726CB6000E4594 /* UserProfileView.swift */; };
		4F6ED77E2B726E3B000E4594 /* UserProfileViewModel.swift in Sources */ = {isa = PBXBuildFile; fileRef = 4F6ED77D2B726E3B000E4594 /* UserProfileViewModel.swift */; };
		4F6ED7852B72A3CA000E4594 /* FeedSelfGoalsView.swift in Sources */ = {isa = PBXBuildFile; fileRef = 4F6ED7842B72A3CA000E4594 /* FeedSelfGoalsView.swift */; };
		4F6ED7872B72A4F8000E4594 /* FeedViewModel.swift in Sources */ = {isa = PBXBuildFile; fileRef = 4F6ED7862B72A4F8000E4594 /* FeedViewModel.swift */; };
		4F6ED7892B741B2B000E4594 /* PartnerAddCell.swift in Sources */ = {isa = PBXBuildFile; fileRef = 4F6ED7882B741B2B000E4594 /* PartnerAddCell.swift */; };
		4F6ED78E2B741EF4000E4594 /* PartnerSearchView.swift in Sources */ = {isa = PBXBuildFile; fileRef = 4F6ED78D2B741EF4000E4594 /* PartnerSearchView.swift */; };
		4F6ED7902B741F0A000E4594 /* PartnerSearchViewModel.swift in Sources */ = {isa = PBXBuildFile; fileRef = 4F6ED78F2B741F0A000E4594 /* PartnerSearchViewModel.swift */; };
		4F6ED7922B7436A6000E4594 /* ExpandedGoalViewModel.swift in Sources */ = {isa = PBXBuildFile; fileRef = 4F6ED7912B7436A6000E4594 /* ExpandedGoalViewModel.swift */; };
		4FE8D45C2B754C7600ECD64D /* AddView.swift in Sources */ = {isa = PBXBuildFile; fileRef = 4FE8D45B2B754C7600ECD64D /* AddView.swift */; };
		4FE8D45E2B754E0800ECD64D /* AddDummyView.swift in Sources */ = {isa = PBXBuildFile; fileRef = 4FE8D45D2B754E0800ECD64D /* AddDummyView.swift */; };
		4FE8D4622B758DDF00ECD64D /* ExplanationView.swift in Sources */ = {isa = PBXBuildFile; fileRef = 4FE8D4612B758DDF00ECD64D /* ExplanationView.swift */; };
		4FE8D4662B758F5600ECD64D /* PublicChallengesView.swift in Sources */ = {isa = PBXBuildFile; fileRef = 4FE8D4652B758F5600ECD64D /* PublicChallengesView.swift */; };
		9600D9792B5B072000DAC807 /* Goal.swift in Sources */ = {isa = PBXBuildFile; fileRef = 9600D9782B5B072000DAC807 /* Goal.swift */; };
		9600D97B2B5DA99D00DAC807 /* GoalCreationViewModel.swift in Sources */ = {isa = PBXBuildFile; fileRef = 9600D97A2B5DA99D00DAC807 /* GoalCreationViewModel.swift */; };
		9600D97D2B5DA9CE00DAC807 /* GoalService.swift in Sources */ = {isa = PBXBuildFile; fileRef = 9600D97C2B5DA9CE00DAC807 /* GoalService.swift */; };
		9600D9812B5DC15900DAC807 /* ContractViewModel.swift in Sources */ = {isa = PBXBuildFile; fileRef = 9600D9802B5DC15900DAC807 /* ContractViewModel.swift */; };
		963592952B509F8300DD04B8 /* UserCell.swift in Sources */ = {isa = PBXBuildFile; fileRef = 963592942B509F8300DD04B8 /* UserCell.swift */; };
		9635929A2B50A19F00DD04B8 /* CircularProfileImageView.swift in Sources */ = {isa = PBXBuildFile; fileRef = 963592992B50A19F00DD04B8 /* CircularProfileImageView.swift */; };
		9635929C2B50A20100DD04B8 /* PreviewProvider.swift in Sources */ = {isa = PBXBuildFile; fileRef = 9635929B2B50A20100DD04B8 /* PreviewProvider.swift */; };
		963592A02B5420C200DD04B8 /* UserCellViewModel.swift in Sources */ = {isa = PBXBuildFile; fileRef = 9635929F2B5420C200DD04B8 /* UserCellViewModel.swift */; };
		963592A22B54285200DD04B8 /* FriendRequestsViewModel.swift in Sources */ = {isa = PBXBuildFile; fileRef = 963592A12B54285200DD04B8 /* FriendRequestsViewModel.swift */; };
		963592A42B542A0E00DD04B8 /* CurrentFriendsViewModel.swift in Sources */ = {isa = PBXBuildFile; fileRef = 963592A32B542A0E00DD04B8 /* CurrentFriendsViewModel.swift */; };
		963592A72B54419700DD04B8 /* EditProfileView.swift in Sources */ = {isa = PBXBuildFile; fileRef = 963592A62B54419700DD04B8 /* EditProfileView.swift */; };
		963592B42B59D2D400DD04B8 /* EditProfileViewModel.swift in Sources */ = {isa = PBXBuildFile; fileRef = 963592B32B59D2D400DD04B8 /* EditProfileViewModel.swift */; };
		963592B62B59D40900DD04B8 /* CurrentUserProfileViewModel.swift in Sources */ = {isa = PBXBuildFile; fileRef = 963592B52B59D40900DD04B8 /* CurrentUserProfileViewModel.swift */; };
		963592B82B59D6E900DD04B8 /* ImageUploader.swift in Sources */ = {isa = PBXBuildFile; fileRef = 963592B72B59D6E900DD04B8 /* ImageUploader.swift */; };
		969F91EA2B3DFDBE004BECB1 /* EvidenceViewFeedView.swift in Sources */ = {isa = PBXBuildFile; fileRef = 969F91E92B3DFDBE004BECB1 /* EvidenceViewFeedView.swift */; };
		969F91ED2B3E0687004BECB1 /* CollapsedGoalViewCell.swift in Sources */ = {isa = PBXBuildFile; fileRef = 969F91EC2B3E0687004BECB1 /* CollapsedGoalViewCell.swift */; };
		969F91F22B3E0C08004BECB1 /* ExpandedGoalView.swift in Sources */ = {isa = PBXBuildFile; fileRef = 969F91F12B3E0C08004BECB1 /* ExpandedGoalView.swift */; };
		969F91F52B3ED598004BECB1 /* CalendarView.swift in Sources */ = {isa = PBXBuildFile; fileRef = 969F91F42B3ED598004BECB1 /* CalendarView.swift */; };
		969F91F92B3F0116004BECB1 /* SettingsView.swift in Sources */ = {isa = PBXBuildFile; fileRef = 969F91F82B3F0116004BECB1 /* SettingsView.swift */; };
		969F91FE2B3F2510004BECB1 /* ExpansionButtonView.swift in Sources */ = {isa = PBXBuildFile; fileRef = 969F91FD2B3F2510004BECB1 /* ExpansionButtonView.swift */; };
		969F92002B3F5895004BECB1 /* SelfCollapsedGoalViewCell.swift in Sources */ = {isa = PBXBuildFile; fileRef = 969F91FF2B3F5895004BECB1 /* SelfCollapsedGoalViewCell.swift */; };
		96CB3EA12B38F24D00B3508D /* RegistrationView.swift in Sources */ = {isa = PBXBuildFile; fileRef = 96CB3EA02B38F24D00B3508D /* RegistrationView.swift */; };
		96CB3EA32B38F28300B3508D /* RegistrationViewModel.swift in Sources */ = {isa = PBXBuildFile; fileRef = 96CB3EA22B38F28300B3508D /* RegistrationViewModel.swift */; };
		96CB3EA62B3DBEDE00B3508D /* GoalsTabView.swift in Sources */ = {isa = PBXBuildFile; fileRef = 96CB3EA52B3DBEDE00B3508D /* GoalsTabView.swift */; };
		96CB3EAE2B3DBF7800B3508D /* CurrentUserProfileView.swift in Sources */ = {isa = PBXBuildFile; fileRef = 96CB3EAD2B3DBF7800B3508D /* CurrentUserProfileView.swift */; };
		96CB3EB52B3DBFDE00B3508D /* GoalCreationView.swift in Sources */ = {isa = PBXBuildFile; fileRef = 96CB3EB42B3DBFDE00B3508D /* GoalCreationView.swift */; };
		96CB3EBA2B3DC03D00B3508D /* ContractView.swift in Sources */ = {isa = PBXBuildFile; fileRef = 96CB3EB92B3DC03D00B3508D /* ContractView.swift */; };
		96CB3EBD2B3DCF6800B3508D /* Hex.swift in Sources */ = {isa = PBXBuildFile; fileRef = 96CB3EBC2B3DCF6800B3508D /* Hex.swift */; };
		96EDC7152B408F9900AC2C38 /* CameraView.swift in Sources */ = {isa = PBXBuildFile; fileRef = 96EDC7142B408F9900AC2C38 /* CameraView.swift */; };
		96EDC7182B408FEB00AC2C38 /* CameraViewModel.swift in Sources */ = {isa = PBXBuildFile; fileRef = 96EDC7172B408FEB00AC2C38 /* CameraViewModel.swift */; };
		96EDC71A2B40900A00AC2C38 /* CameraPreview.swift in Sources */ = {isa = PBXBuildFile; fileRef = 96EDC7192B40900A00AC2C38 /* CameraPreview.swift */; };
		96EDC71C2B40903100AC2C38 /* CameraManager.swift in Sources */ = {isa = PBXBuildFile; fileRef = 96EDC71B2B40903100AC2C38 /* CameraManager.swift */; };
		96EDC71F2B40A2EC00AC2C38 /* FriendsTabView.swift in Sources */ = {isa = PBXBuildFile; fileRef = 96EDC71E2B40A2EC00AC2C38 /* FriendsTabView.swift */; };
		96EDC7212B40A30200AC2C38 /* FriendSuggestionsView.swift in Sources */ = {isa = PBXBuildFile; fileRef = 96EDC7202B40A30200AC2C38 /* FriendSuggestionsView.swift */; };
		96EDC7232B40A31F00AC2C38 /* CurrentFriendsView.swift in Sources */ = {isa = PBXBuildFile; fileRef = 96EDC7222B40A31F00AC2C38 /* CurrentFriendsView.swift */; };
		96EDC7252B40A33600AC2C38 /* FriendRequestsView.swift in Sources */ = {isa = PBXBuildFile; fileRef = 96EDC7242B40A33600AC2C38 /* FriendRequestsView.swift */; };
		96EDC72C2B40E01D00AC2C38 /* FriendsTabViewModel.swift in Sources */ = {isa = PBXBuildFile; fileRef = 96EDC72B2B40E01D00AC2C38 /* FriendsTabViewModel.swift */; };
		96F246952B381F4D000CC323 /* GoalsApp.swift in Sources */ = {isa = PBXBuildFile; fileRef = 96F246942B381F4D000CC323 /* GoalsApp.swift */; };
		96F246972B381F4D000CC323 /* ContentView.swift in Sources */ = {isa = PBXBuildFile; fileRef = 96F246962B381F4D000CC323 /* ContentView.swift */; };
		96F246992B381F50000CC323 /* Assets.xcassets in Resources */ = {isa = PBXBuildFile; fileRef = 96F246982B381F50000CC323 /* Assets.xcassets */; };
		96F2469C2B381F50000CC323 /* Preview Assets.xcassets in Resources */ = {isa = PBXBuildFile; fileRef = 96F2469B2B381F50000CC323 /* Preview Assets.xcassets */; };
		96F246A32B382159000CC323 /* GoogleService-Info.plist in Resources */ = {isa = PBXBuildFile; fileRef = 96F246A22B382159000CC323 /* GoogleService-Info.plist */; };
		96F246A62B3821D1000CC323 /* FirebaseAnalytics in Frameworks */ = {isa = PBXBuildFile; productRef = 96F246A52B3821D1000CC323 /* FirebaseAnalytics */; };
		96F246A82B3821D1000CC323 /* FirebaseAnalyticsOnDeviceConversion in Frameworks */ = {isa = PBXBuildFile; productRef = 96F246A72B3821D1000CC323 /* FirebaseAnalyticsOnDeviceConversion */; };
		96F246AA2B3821D1000CC323 /* FirebaseAnalyticsSwift in Frameworks */ = {isa = PBXBuildFile; productRef = 96F246A92B3821D1000CC323 /* FirebaseAnalyticsSwift */; };
		96F246AC2B3821D1000CC323 /* FirebaseAnalyticsWithoutAdIdSupport in Frameworks */ = {isa = PBXBuildFile; productRef = 96F246AB2B3821D1000CC323 /* FirebaseAnalyticsWithoutAdIdSupport */; };
		96F246AE2B3821D1000CC323 /* FirebaseAppCheck in Frameworks */ = {isa = PBXBuildFile; productRef = 96F246AD2B3821D1000CC323 /* FirebaseAppCheck */; };
		96F246B02B3821D1000CC323 /* FirebaseAppDistribution-Beta in Frameworks */ = {isa = PBXBuildFile; productRef = 96F246AF2B3821D1000CC323 /* FirebaseAppDistribution-Beta */; };
		96F246B22B3821D1000CC323 /* FirebaseAuth in Frameworks */ = {isa = PBXBuildFile; productRef = 96F246B12B3821D1000CC323 /* FirebaseAuth */; };
		96F246B42B3821D1000CC323 /* FirebaseAuthCombine-Community in Frameworks */ = {isa = PBXBuildFile; productRef = 96F246B32B3821D1000CC323 /* FirebaseAuthCombine-Community */; };
		96F246B62B3821D1000CC323 /* FirebaseCrashlytics in Frameworks */ = {isa = PBXBuildFile; productRef = 96F246B52B3821D1000CC323 /* FirebaseCrashlytics */; };
		96F246B82B3821D1000CC323 /* FirebaseDatabase in Frameworks */ = {isa = PBXBuildFile; productRef = 96F246B72B3821D1000CC323 /* FirebaseDatabase */; };
		96F246BA2B3821D2000CC323 /* FirebaseDatabaseSwift in Frameworks */ = {isa = PBXBuildFile; productRef = 96F246B92B3821D2000CC323 /* FirebaseDatabaseSwift */; };
		96F246BC2B3821D2000CC323 /* FirebaseDynamicLinks in Frameworks */ = {isa = PBXBuildFile; productRef = 96F246BB2B3821D2000CC323 /* FirebaseDynamicLinks */; };
		96F246BE2B3821D2000CC323 /* FirebaseFirestore in Frameworks */ = {isa = PBXBuildFile; productRef = 96F246BD2B3821D2000CC323 /* FirebaseFirestore */; };
		96F246C02B3821D2000CC323 /* FirebaseFirestoreCombine-Community in Frameworks */ = {isa = PBXBuildFile; productRef = 96F246BF2B3821D2000CC323 /* FirebaseFirestoreCombine-Community */; };
		96F246C22B3821D2000CC323 /* FirebaseFirestoreSwift in Frameworks */ = {isa = PBXBuildFile; productRef = 96F246C12B3821D2000CC323 /* FirebaseFirestoreSwift */; };
		96F246C42B3821D2000CC323 /* FirebaseFunctions in Frameworks */ = {isa = PBXBuildFile; productRef = 96F246C32B3821D2000CC323 /* FirebaseFunctions */; };
		96F246C62B3821D2000CC323 /* FirebaseFunctionsCombine-Community in Frameworks */ = {isa = PBXBuildFile; productRef = 96F246C52B3821D2000CC323 /* FirebaseFunctionsCombine-Community */; };
		96F246C82B3821D2000CC323 /* FirebaseInAppMessaging-Beta in Frameworks */ = {isa = PBXBuildFile; productRef = 96F246C72B3821D2000CC323 /* FirebaseInAppMessaging-Beta */; };
		96F246CA2B3821D2000CC323 /* FirebaseInAppMessagingSwift-Beta in Frameworks */ = {isa = PBXBuildFile; productRef = 96F246C92B3821D2000CC323 /* FirebaseInAppMessagingSwift-Beta */; };
		96F246CC2B3821D2000CC323 /* FirebaseInstallations in Frameworks */ = {isa = PBXBuildFile; productRef = 96F246CB2B3821D2000CC323 /* FirebaseInstallations */; };
		96F246CE2B3821D2000CC323 /* FirebaseMLModelDownloader in Frameworks */ = {isa = PBXBuildFile; productRef = 96F246CD2B3821D2000CC323 /* FirebaseMLModelDownloader */; };
		96F246D02B3821D2000CC323 /* FirebaseMessaging in Frameworks */ = {isa = PBXBuildFile; productRef = 96F246CF2B3821D2000CC323 /* FirebaseMessaging */; };
		96F246D22B3821D2000CC323 /* FirebasePerformance in Frameworks */ = {isa = PBXBuildFile; productRef = 96F246D12B3821D2000CC323 /* FirebasePerformance */; };
		96F246D42B3821D2000CC323 /* FirebaseRemoteConfig in Frameworks */ = {isa = PBXBuildFile; productRef = 96F246D32B3821D2000CC323 /* FirebaseRemoteConfig */; };
		96F246D62B3821D2000CC323 /* FirebaseRemoteConfigSwift in Frameworks */ = {isa = PBXBuildFile; productRef = 96F246D52B3821D2000CC323 /* FirebaseRemoteConfigSwift */; };
		96F246D82B3821D2000CC323 /* FirebaseStorage in Frameworks */ = {isa = PBXBuildFile; productRef = 96F246D72B3821D2000CC323 /* FirebaseStorage */; };
		96F246DA2B3821D2000CC323 /* FirebaseStorageCombine-Community in Frameworks */ = {isa = PBXBuildFile; productRef = 96F246D92B3821D2000CC323 /* FirebaseStorageCombine-Community */; };
		96F246DD2B3821F4000CC323 /* Kingfisher in Frameworks */ = {isa = PBXBuildFile; productRef = 96F246DC2B3821F4000CC323 /* Kingfisher */; };
		96F246E62B3824E1000CC323 /* AuthService.swift in Sources */ = {isa = PBXBuildFile; fileRef = 96F246E52B3824E1000CC323 /* AuthService.swift */; };
		96F246EA2B38252A000CC323 /* LoginView.swift in Sources */ = {isa = PBXBuildFile; fileRef = 96F246E92B38252A000CC323 /* LoginView.swift */; };
		96F246EC2B382544000CC323 /* LoginViewModel.swift in Sources */ = {isa = PBXBuildFile; fileRef = 96F246EB2B382544000CC323 /* LoginViewModel.swift */; };
		96F246EF2B382657000CC323 /* AuthError.swift in Sources */ = {isa = PBXBuildFile; fileRef = 96F246EE2B382657000CC323 /* AuthError.swift */; };
		96F246F22B3826E8000CC323 /* UserService.swift in Sources */ = {isa = PBXBuildFile; fileRef = 96F246F12B3826E8000CC323 /* UserService.swift */; };
		96F246F62B38283A000CC323 /* FirestoreConstants.swift in Sources */ = {isa = PBXBuildFile; fileRef = 96F246F52B38283A000CC323 /* FirestoreConstants.swift */; };
		96F246F92B382928000CC323 /* User.swift in Sources */ = {isa = PBXBuildFile; fileRef = 96F246F82B382928000CC323 /* User.swift */; };
		96F246FB2B3829B8000CC323 /* ContentViewModel.swift in Sources */ = {isa = PBXBuildFile; fileRef = 96F246FA2B3829B8000CC323 /* ContentViewModel.swift */; };
		96F246FE2B382A96000CC323 /* FeedView.swift in Sources */ = {isa = PBXBuildFile; fileRef = 96F246FD2B382A96000CC323 /* FeedView.swift */; };
		96F247032B382E18000CC323 /* AuthenticationFormProtocol.swift in Sources */ = {isa = PBXBuildFile; fileRef = 96F247022B382E18000CC323 /* AuthenticationFormProtocol.swift */; };
		96F247062B3831C1000CC323 /* Color.swift in Sources */ = {isa = PBXBuildFile; fileRef = 96F247052B3831C1000CC323 /* Color.swift */; };
		96F247092B383289000CC323 /* ThreadsButtonModifier.swift in Sources */ = {isa = PBXBuildFile; fileRef = 96F247082B383289000CC323 /* ThreadsButtonModifier.swift */; };
		96F2470B2B3832A3000CC323 /* ThreadsTextFieldModifier.swift in Sources */ = {isa = PBXBuildFile; fileRef = 96F2470A2B3832A3000CC323 /* ThreadsTextFieldModifier.swift */; };
/* End PBXBuildFile section */

/* Begin PBXFileReference section */
		4F6ED76F2B718715000E4594 /* UserContentListView.swift */ = {isa = PBXFileReference; lastKnownFileType = sourcecode.swift; path = UserContentListView.swift; sourceTree = "<group>"; };
		4F6ED7712B71871F000E4594 /* UserContentListViewModel.swift */ = {isa = PBXFileReference; lastKnownFileType = sourcecode.swift; path = UserContentListViewModel.swift; sourceTree = "<group>"; };
		4F6ED7752B71890F000E4594 /* GoalViewCell.swift */ = {isa = PBXFileReference; lastKnownFileType = sourcecode.swift; path = GoalViewCell.swift; sourceTree = "<group>"; };
		4F6ED77B2B726CB6000E4594 /* UserProfileView.swift */ = {isa = PBXFileReference; lastKnownFileType = sourcecode.swift; path = UserProfileView.swift; sourceTree = "<group>"; };
		4F6ED77D2B726E3B000E4594 /* UserProfileViewModel.swift */ = {isa = PBXFileReference; lastKnownFileType = sourcecode.swift; path = UserProfileViewModel.swift; sourceTree = "<group>"; };
		4F6ED7842B72A3CA000E4594 /* FeedSelfGoalsView.swift */ = {isa = PBXFileReference; lastKnownFileType = sourcecode.swift; path = FeedSelfGoalsView.swift; sourceTree = "<group>"; };
		4F6ED7862B72A4F8000E4594 /* FeedViewModel.swift */ = {isa = PBXFileReference; lastKnownFileType = sourcecode.swift; path = FeedViewModel.swift; sourceTree = "<group>"; };
		4F6ED7882B741B2B000E4594 /* PartnerAddCell.swift */ = {isa = PBXFileReference; lastKnownFileType = sourcecode.swift; path = PartnerAddCell.swift; sourceTree = "<group>"; };
		4F6ED78D2B741EF4000E4594 /* PartnerSearchView.swift */ = {isa = PBXFileReference; lastKnownFileType = sourcecode.swift; path = PartnerSearchView.swift; sourceTree = "<group>"; };
		4F6ED78F2B741F0A000E4594 /* PartnerSearchViewModel.swift */ = {isa = PBXFileReference; lastKnownFileType = sourcecode.swift; path = PartnerSearchViewModel.swift; sourceTree = "<group>"; };
		4F6ED7912B7436A6000E4594 /* ExpandedGoalViewModel.swift */ = {isa = PBXFileReference; lastKnownFileType = sourcecode.swift; path = ExpandedGoalViewModel.swift; sourceTree = "<group>"; };
		4FE8D45B2B754C7600ECD64D /* AddView.swift */ = {isa = PBXFileReference; lastKnownFileType = sourcecode.swift; path = AddView.swift; sourceTree = "<group>"; };
		4FE8D45D2B754E0800ECD64D /* AddDummyView.swift */ = {isa = PBXFileReference; lastKnownFileType = sourcecode.swift; path = AddDummyView.swift; sourceTree = "<group>"; };
		4FE8D4612B758DDF00ECD64D /* ExplanationView.swift */ = {isa = PBXFileReference; lastKnownFileType = sourcecode.swift; path = ExplanationView.swift; sourceTree = "<group>"; };
		4FE8D4652B758F5600ECD64D /* PublicChallengesView.swift */ = {isa = PBXFileReference; lastKnownFileType = sourcecode.swift; path = PublicChallengesView.swift; sourceTree = "<group>"; };
		9600D9782B5B072000DAC807 /* Goal.swift */ = {isa = PBXFileReference; lastKnownFileType = sourcecode.swift; path = Goal.swift; sourceTree = "<group>"; };
		9600D97A2B5DA99D00DAC807 /* GoalCreationViewModel.swift */ = {isa = PBXFileReference; lastKnownFileType = sourcecode.swift; path = GoalCreationViewModel.swift; sourceTree = "<group>"; };
		9600D97C2B5DA9CE00DAC807 /* GoalService.swift */ = {isa = PBXFileReference; lastKnownFileType = sourcecode.swift; path = GoalService.swift; sourceTree = "<group>"; };
		9600D9802B5DC15900DAC807 /* ContractViewModel.swift */ = {isa = PBXFileReference; lastKnownFileType = sourcecode.swift; path = ContractViewModel.swift; sourceTree = "<group>"; };
		963592942B509F8300DD04B8 /* UserCell.swift */ = {isa = PBXFileReference; lastKnownFileType = sourcecode.swift; path = UserCell.swift; sourceTree = "<group>"; };
		963592992B50A19F00DD04B8 /* CircularProfileImageView.swift */ = {isa = PBXFileReference; lastKnownFileType = sourcecode.swift; path = CircularProfileImageView.swift; sourceTree = "<group>"; };
		9635929B2B50A20100DD04B8 /* PreviewProvider.swift */ = {isa = PBXFileReference; lastKnownFileType = sourcecode.swift; path = PreviewProvider.swift; sourceTree = "<group>"; };
		9635929F2B5420C200DD04B8 /* UserCellViewModel.swift */ = {isa = PBXFileReference; lastKnownFileType = sourcecode.swift; path = UserCellViewModel.swift; sourceTree = "<group>"; };
		963592A12B54285200DD04B8 /* FriendRequestsViewModel.swift */ = {isa = PBXFileReference; lastKnownFileType = sourcecode.swift; path = FriendRequestsViewModel.swift; sourceTree = "<group>"; };
		963592A32B542A0E00DD04B8 /* CurrentFriendsViewModel.swift */ = {isa = PBXFileReference; lastKnownFileType = sourcecode.swift; path = CurrentFriendsViewModel.swift; sourceTree = "<group>"; };
		963592A62B54419700DD04B8 /* EditProfileView.swift */ = {isa = PBXFileReference; lastKnownFileType = sourcecode.swift; path = EditProfileView.swift; sourceTree = "<group>"; };
		963592B32B59D2D400DD04B8 /* EditProfileViewModel.swift */ = {isa = PBXFileReference; lastKnownFileType = sourcecode.swift; path = EditProfileViewModel.swift; sourceTree = "<group>"; };
		963592B52B59D40900DD04B8 /* CurrentUserProfileViewModel.swift */ = {isa = PBXFileReference; lastKnownFileType = sourcecode.swift; name = CurrentUserProfileViewModel.swift; path = "Goals/Core/Profile/Edit Profile/ViewModel/CurrentUserProfileViewModel.swift"; sourceTree = SOURCE_ROOT; };
		963592B72B59D6E900DD04B8 /* ImageUploader.swift */ = {isa = PBXFileReference; lastKnownFileType = sourcecode.swift; path = ImageUploader.swift; sourceTree = "<group>"; };
		969F91E92B3DFDBE004BECB1 /* EvidenceViewFeedView.swift */ = {isa = PBXFileReference; lastKnownFileType = sourcecode.swift; path = EvidenceViewFeedView.swift; sourceTree = "<group>"; };
		969F91EC2B3E0687004BECB1 /* CollapsedGoalViewCell.swift */ = {isa = PBXFileReference; lastKnownFileType = sourcecode.swift; path = CollapsedGoalViewCell.swift; sourceTree = "<group>"; };
		969F91F12B3E0C08004BECB1 /* ExpandedGoalView.swift */ = {isa = PBXFileReference; lastKnownFileType = sourcecode.swift; path = ExpandedGoalView.swift; sourceTree = "<group>"; };
		969F91F42B3ED598004BECB1 /* CalendarView.swift */ = {isa = PBXFileReference; lastKnownFileType = sourcecode.swift; path = CalendarView.swift; sourceTree = "<group>"; };
		969F91F82B3F0116004BECB1 /* SettingsView.swift */ = {isa = PBXFileReference; lastKnownFileType = sourcecode.swift; path = SettingsView.swift; sourceTree = "<group>"; };
		969F91FD2B3F2510004BECB1 /* ExpansionButtonView.swift */ = {isa = PBXFileReference; lastKnownFileType = sourcecode.swift; path = ExpansionButtonView.swift; sourceTree = "<group>"; };
		969F91FF2B3F5895004BECB1 /* SelfCollapsedGoalViewCell.swift */ = {isa = PBXFileReference; lastKnownFileType = sourcecode.swift; path = SelfCollapsedGoalViewCell.swift; sourceTree = "<group>"; };
		96CB3EA02B38F24D00B3508D /* RegistrationView.swift */ = {isa = PBXFileReference; lastKnownFileType = sourcecode.swift; path = RegistrationView.swift; sourceTree = "<group>"; };
		96CB3EA22B38F28300B3508D /* RegistrationViewModel.swift */ = {isa = PBXFileReference; lastKnownFileType = sourcecode.swift; path = RegistrationViewModel.swift; sourceTree = "<group>"; };
		96CB3EA52B3DBEDE00B3508D /* GoalsTabView.swift */ = {isa = PBXFileReference; lastKnownFileType = sourcecode.swift; path = GoalsTabView.swift; sourceTree = "<group>"; };
		96CB3EAD2B3DBF7800B3508D /* CurrentUserProfileView.swift */ = {isa = PBXFileReference; lastKnownFileType = sourcecode.swift; path = CurrentUserProfileView.swift; sourceTree = "<group>"; };
		96CB3EB42B3DBFDE00B3508D /* GoalCreationView.swift */ = {isa = PBXFileReference; lastKnownFileType = sourcecode.swift; path = GoalCreationView.swift; sourceTree = "<group>"; };
		96CB3EB92B3DC03D00B3508D /* ContractView.swift */ = {isa = PBXFileReference; lastKnownFileType = sourcecode.swift; path = ContractView.swift; sourceTree = "<group>"; };
		96CB3EBC2B3DCF6800B3508D /* Hex.swift */ = {isa = PBXFileReference; lastKnownFileType = sourcecode.swift; path = Hex.swift; sourceTree = "<group>"; };
		96EDC7142B408F9900AC2C38 /* CameraView.swift */ = {isa = PBXFileReference; lastKnownFileType = sourcecode.swift; path = CameraView.swift; sourceTree = "<group>"; };
		96EDC7172B408FEB00AC2C38 /* CameraViewModel.swift */ = {isa = PBXFileReference; lastKnownFileType = sourcecode.swift; path = CameraViewModel.swift; sourceTree = "<group>"; };
		96EDC7192B40900A00AC2C38 /* CameraPreview.swift */ = {isa = PBXFileReference; lastKnownFileType = sourcecode.swift; path = CameraPreview.swift; sourceTree = "<group>"; };
		96EDC71B2B40903100AC2C38 /* CameraManager.swift */ = {isa = PBXFileReference; lastKnownFileType = sourcecode.swift; path = CameraManager.swift; sourceTree = "<group>"; };
		96EDC71E2B40A2EC00AC2C38 /* FriendsTabView.swift */ = {isa = PBXFileReference; lastKnownFileType = sourcecode.swift; path = FriendsTabView.swift; sourceTree = "<group>"; };
		96EDC7202B40A30200AC2C38 /* FriendSuggestionsView.swift */ = {isa = PBXFileReference; lastKnownFileType = sourcecode.swift; path = FriendSuggestionsView.swift; sourceTree = "<group>"; };
		96EDC7222B40A31F00AC2C38 /* CurrentFriendsView.swift */ = {isa = PBXFileReference; lastKnownFileType = sourcecode.swift; path = CurrentFriendsView.swift; sourceTree = "<group>"; };
		96EDC7242B40A33600AC2C38 /* FriendRequestsView.swift */ = {isa = PBXFileReference; lastKnownFileType = sourcecode.swift; path = FriendRequestsView.swift; sourceTree = "<group>"; };
		96EDC72B2B40E01D00AC2C38 /* FriendsTabViewModel.swift */ = {isa = PBXFileReference; lastKnownFileType = sourcecode.swift; path = FriendsTabViewModel.swift; sourceTree = "<group>"; };
		96F246912B381F4D000CC323 /* Goals.app */ = {isa = PBXFileReference; explicitFileType = wrapper.application; includeInIndex = 0; path = Goals.app; sourceTree = BUILT_PRODUCTS_DIR; };
		96F246942B381F4D000CC323 /* GoalsApp.swift */ = {isa = PBXFileReference; lastKnownFileType = sourcecode.swift; path = GoalsApp.swift; sourceTree = "<group>"; };
		96F246962B381F4D000CC323 /* ContentView.swift */ = {isa = PBXFileReference; lastKnownFileType = sourcecode.swift; path = ContentView.swift; sourceTree = "<group>"; };
		96F246982B381F50000CC323 /* Assets.xcassets */ = {isa = PBXFileReference; lastKnownFileType = folder.assetcatalog; path = Assets.xcassets; sourceTree = "<group>"; };
		96F2469B2B381F50000CC323 /* Preview Assets.xcassets */ = {isa = PBXFileReference; lastKnownFileType = folder.assetcatalog; path = "Preview Assets.xcassets"; sourceTree = "<group>"; };
		96F246A22B382159000CC323 /* GoogleService-Info.plist */ = {isa = PBXFileReference; fileEncoding = 4; lastKnownFileType = text.plist.xml; path = "GoogleService-Info.plist"; sourceTree = "<group>"; };
		96F246E52B3824E1000CC323 /* AuthService.swift */ = {isa = PBXFileReference; lastKnownFileType = sourcecode.swift; path = AuthService.swift; sourceTree = "<group>"; };
		96F246E92B38252A000CC323 /* LoginView.swift */ = {isa = PBXFileReference; lastKnownFileType = sourcecode.swift; path = LoginView.swift; sourceTree = "<group>"; };
		96F246EB2B382544000CC323 /* LoginViewModel.swift */ = {isa = PBXFileReference; lastKnownFileType = sourcecode.swift; path = LoginViewModel.swift; sourceTree = "<group>"; };
		96F246EE2B382657000CC323 /* AuthError.swift */ = {isa = PBXFileReference; lastKnownFileType = sourcecode.swift; path = AuthError.swift; sourceTree = "<group>"; };
		96F246F12B3826E8000CC323 /* UserService.swift */ = {isa = PBXFileReference; lastKnownFileType = sourcecode.swift; path = UserService.swift; sourceTree = "<group>"; };
		96F246F52B38283A000CC323 /* FirestoreConstants.swift */ = {isa = PBXFileReference; lastKnownFileType = sourcecode.swift; path = FirestoreConstants.swift; sourceTree = "<group>"; };
		96F246F82B382928000CC323 /* User.swift */ = {isa = PBXFileReference; lastKnownFileType = sourcecode.swift; path = User.swift; sourceTree = "<group>"; };
		96F246FA2B3829B8000CC323 /* ContentViewModel.swift */ = {isa = PBXFileReference; lastKnownFileType = sourcecode.swift; path = ContentViewModel.swift; sourceTree = "<group>"; };
		96F246FD2B382A96000CC323 /* FeedView.swift */ = {isa = PBXFileReference; lastKnownFileType = sourcecode.swift; path = FeedView.swift; sourceTree = "<group>"; };
		96F247022B382E18000CC323 /* AuthenticationFormProtocol.swift */ = {isa = PBXFileReference; lastKnownFileType = sourcecode.swift; path = AuthenticationFormProtocol.swift; sourceTree = "<group>"; };
		96F247052B3831C1000CC323 /* Color.swift */ = {isa = PBXFileReference; lastKnownFileType = sourcecode.swift; path = Color.swift; sourceTree = "<group>"; };
		96F247082B383289000CC323 /* ThreadsButtonModifier.swift */ = {isa = PBXFileReference; lastKnownFileType = sourcecode.swift; path = ThreadsButtonModifier.swift; sourceTree = "<group>"; };
		96F2470A2B3832A3000CC323 /* ThreadsTextFieldModifier.swift */ = {isa = PBXFileReference; lastKnownFileType = sourcecode.swift; path = ThreadsTextFieldModifier.swift; sourceTree = "<group>"; };
		96F2470C2B389B6C000CC323 /* Info.plist */ = {isa = PBXFileReference; lastKnownFileType = text.plist; path = Info.plist; sourceTree = "<group>"; };
/* End PBXFileReference section */

/* Begin PBXFrameworksBuildPhase section */
		96F2468E2B381F4D000CC323 /* Frameworks */ = {
			isa = PBXFrameworksBuildPhase;
			buildActionMask = 2147483647;
			files = (
				96F246B82B3821D1000CC323 /* FirebaseDatabase in Frameworks */,
				96F246C62B3821D2000CC323 /* FirebaseFunctionsCombine-Community in Frameworks */,
				96F246BE2B3821D2000CC323 /* FirebaseFirestore in Frameworks */,
				96F246AA2B3821D1000CC323 /* FirebaseAnalyticsSwift in Frameworks */,
				96F246A62B3821D1000CC323 /* FirebaseAnalytics in Frameworks */,
				96F246A82B3821D1000CC323 /* FirebaseAnalyticsOnDeviceConversion in Frameworks */,
				96F246CE2B3821D2000CC323 /* FirebaseMLModelDownloader in Frameworks */,
				96F246C22B3821D2000CC323 /* FirebaseFirestoreSwift in Frameworks */,
				96F246AE2B3821D1000CC323 /* FirebaseAppCheck in Frameworks */,
				96F246AC2B3821D1000CC323 /* FirebaseAnalyticsWithoutAdIdSupport in Frameworks */,
				96F246B22B3821D1000CC323 /* FirebaseAuth in Frameworks */,
				96F246B62B3821D1000CC323 /* FirebaseCrashlytics in Frameworks */,
				96F246D62B3821D2000CC323 /* FirebaseRemoteConfigSwift in Frameworks */,
				96F246C82B3821D2000CC323 /* FirebaseInAppMessaging-Beta in Frameworks */,
				96F246BA2B3821D2000CC323 /* FirebaseDatabaseSwift in Frameworks */,
				96F246C42B3821D2000CC323 /* FirebaseFunctions in Frameworks */,
				96F246DD2B3821F4000CC323 /* Kingfisher in Frameworks */,
				96F246DA2B3821D2000CC323 /* FirebaseStorageCombine-Community in Frameworks */,
				96F246D42B3821D2000CC323 /* FirebaseRemoteConfig in Frameworks */,
				96F246B02B3821D1000CC323 /* FirebaseAppDistribution-Beta in Frameworks */,
				96F246B42B3821D1000CC323 /* FirebaseAuthCombine-Community in Frameworks */,
				96F246D22B3821D2000CC323 /* FirebasePerformance in Frameworks */,
				96F246CA2B3821D2000CC323 /* FirebaseInAppMessagingSwift-Beta in Frameworks */,
				96F246D82B3821D2000CC323 /* FirebaseStorage in Frameworks */,
				96F246BC2B3821D2000CC323 /* FirebaseDynamicLinks in Frameworks */,
				96F246C02B3821D2000CC323 /* FirebaseFirestoreCombine-Community in Frameworks */,
				96F246D02B3821D2000CC323 /* FirebaseMessaging in Frameworks */,
				96F246CC2B3821D2000CC323 /* FirebaseInstallations in Frameworks */,
			);
			runOnlyForDeploymentPostprocessing = 0;
		};
/* End PBXFrameworksBuildPhase section */

/* Begin PBXGroup section */
		4F6ED76C2B7186E7000E4594 /* Components */ = {
			isa = PBXGroup;
			children = (
				4F6ED7802B72A381000E4594 /* FeedViewSelfGoals */,
				4F6ED77F2B72A34F000E4594 /* ProfilePageGoals */,
			);
			path = Components;
			sourceTree = "<group>";
		};
		4F6ED76D2B7186F4000E4594 /* View */ = {
			isa = PBXGroup;
			children = (
				4F6ED76F2B718715000E4594 /* UserContentListView.swift */,
			);
			path = View;
			sourceTree = "<group>";
		};
		4F6ED76E2B7186F7000E4594 /* ViewModel */ = {
			isa = PBXGroup;
			children = (
				4F6ED7712B71871F000E4594 /* UserContentListViewModel.swift */,
			);
			path = ViewModel;
			sourceTree = "<group>";
		};
		4F6ED7732B7188F4000E4594 /* Goal */ = {
			isa = PBXGroup;
			children = (
				4F6ED7742B7188FD000E4594 /* View */,
			);
			path = Goal;
			sourceTree = "<group>";
		};
		4F6ED7742B7188FD000E4594 /* View */ = {
			isa = PBXGroup;
			children = (
				4F6ED7752B71890F000E4594 /* GoalViewCell.swift */,
				969F91FF2B3F5895004BECB1 /* SelfCollapsedGoalViewCell.swift */,
				969F91EC2B3E0687004BECB1 /* CollapsedGoalViewCell.swift */,
			);
			path = View;
			sourceTree = "<group>";
		};
		4F6ED7772B726A6C000E4594 /* UserProfile */ = {
			isa = PBXGroup;
			children = (
				4F6ED7782B726A72000E4594 /* View */,
				4F6ED7792B726A75000E4594 /* ViewModel */,
			);
			path = UserProfile;
			sourceTree = "<group>";
		};
		4F6ED7782B726A72000E4594 /* View */ = {
			isa = PBXGroup;
			children = (
				4F6ED77B2B726CB6000E4594 /* UserProfileView.swift */,
			);
			path = View;
			sourceTree = "<group>";
		};
		4F6ED7792B726A75000E4594 /* ViewModel */ = {
			isa = PBXGroup;
			children = (
				4F6ED77D2B726E3B000E4594 /* UserProfileViewModel.swift */,
			);
			path = ViewModel;
			sourceTree = "<group>";
		};
		4F6ED77F2B72A34F000E4594 /* ProfilePageGoals */ = {
			isa = PBXGroup;
			children = (
				4F6ED76D2B7186F4000E4594 /* View */,
				4F6ED76E2B7186F7000E4594 /* ViewModel */,
			);
			path = ProfilePageGoals;
			sourceTree = "<group>";
		};
		4F6ED7802B72A381000E4594 /* FeedViewSelfGoals */ = {
			isa = PBXGroup;
			children = (
				4F6ED7812B72A38C000E4594 /* View */,
				4F6ED7822B72A38F000E4594 /* ViewModel */,
			);
			path = FeedViewSelfGoals;
			sourceTree = "<group>";
		};
		4F6ED7812B72A38C000E4594 /* View */ = {
			isa = PBXGroup;
			children = (
				4F6ED7842B72A3CA000E4594 /* FeedSelfGoalsView.swift */,
			);
			path = View;
			sourceTree = "<group>";
		};
		4F6ED7822B72A38F000E4594 /* ViewModel */ = {
			isa = PBXGroup;
			children = (
			);
			path = ViewModel;
			sourceTree = "<group>";
		};
		4F6ED78A2B741ED1000E4594 /* PartnerSearch */ = {
			isa = PBXGroup;
			children = (
				4F6ED78C2B741EE1000E4594 /* View */,
				4F6ED78B2B741EDB000E4594 /* ViewModel */,
			);
			path = PartnerSearch;
			sourceTree = "<group>";
		};
		4F6ED78B2B741EDB000E4594 /* ViewModel */ = {
			isa = PBXGroup;
			children = (
				4F6ED78F2B741F0A000E4594 /* PartnerSearchViewModel.swift */,
			);
			path = ViewModel;
			sourceTree = "<group>";
		};
		4F6ED78C2B741EE1000E4594 /* View */ = {
			isa = PBXGroup;
			children = (
				4F6ED78D2B741EF4000E4594 /* PartnerSearchView.swift */,
			);
			path = View;
			sourceTree = "<group>";
		};
		4FE8D45F2B758DC200ECD64D /* Explanation */ = {
			isa = PBXGroup;
			children = (
				4FE8D4602B758DCC00ECD64D /* View */,
			);
			path = Explanation;
			sourceTree = "<group>";
		};
		4FE8D4602B758DCC00ECD64D /* View */ = {
			isa = PBXGroup;
			children = (
				4FE8D4612B758DDF00ECD64D /* ExplanationView.swift */,
			);
			path = View;
			sourceTree = "<group>";
		};
		4FE8D4632B758F3500ECD64D /* Public Challenges */ = {
			isa = PBXGroup;
			children = (
				4FE8D4642B758F4600ECD64D /* View */,
			);
			path = "Public Challenges";
			sourceTree = "<group>";
		};
		4FE8D4642B758F4600ECD64D /* View */ = {
			isa = PBXGroup;
			children = (
				4FE8D4652B758F5600ECD64D /* PublicChallengesView.swift */,
			);
			path = View;
			sourceTree = "<group>";
		};
		963592962B50A14500DD04B8 /* Components */ = {
			isa = PBXGroup;
			children = (
				4F6ED7732B7188F4000E4594 /* Goal */,
				963592972B50A14F00DD04B8 /* User */,
			);
			path = Components;
			sourceTree = "<group>";
		};
		963592972B50A14F00DD04B8 /* User */ = {
			isa = PBXGroup;
			children = (
				9635929E2B5420B100DD04B8 /* View */,
				9635929D2B5420AB00DD04B8 /* ViewModel */,
			);
			path = User;
			sourceTree = "<group>";
		};
		9635929D2B5420AB00DD04B8 /* ViewModel */ = {
			isa = PBXGroup;
			children = (
				9635929F2B5420C200DD04B8 /* UserCellViewModel.swift */,
			);
			path = ViewModel;
			sourceTree = "<group>";
		};
		9635929E2B5420B100DD04B8 /* View */ = {
			isa = PBXGroup;
			children = (
				963592942B509F8300DD04B8 /* UserCell.swift */,
				963592992B50A19F00DD04B8 /* CircularProfileImageView.swift */,
				4F6ED7882B741B2B000E4594 /* PartnerAddCell.swift */,
			);
			path = View;
			sourceTree = "<group>";
		};
		963592A52B54418600DD04B8 /* Edit Profile */ = {
			isa = PBXGroup;
			children = (
				963592B12B59D2B800DD04B8 /* View */,
				963592B22B59D2C000DD04B8 /* ViewModel */,
			);
			path = "Edit Profile";
			sourceTree = "<group>";
		};
		963592B12B59D2B800DD04B8 /* View */ = {
			isa = PBXGroup;
			children = (
				963592A62B54419700DD04B8 /* EditProfileView.swift */,
			);
			path = View;
			sourceTree = "<group>";
		};
		963592B22B59D2C000DD04B8 /* ViewModel */ = {
			isa = PBXGroup;
			children = (
				963592B32B59D2D400DD04B8 /* EditProfileViewModel.swift */,
			);
			path = ViewModel;
			sourceTree = "<group>";
		};
		969F91E82B3DFD87004BECB1 /* Components */ = {
			isa = PBXGroup;
			children = (
				969F91E92B3DFDBE004BECB1 /* EvidenceViewFeedView.swift */,
			);
			path = Components;
			sourceTree = "<group>";
		};
		969F91EE2B3E0BCC004BECB1 /* GoalInfo */ = {
			isa = PBXGroup;
			children = (
				969F91FC2B3F2500004BECB1 /* Components */,
				969F91F02B3E0BE5004BECB1 /* View */,
				969F91EF2B3E0BE0004BECB1 /* ViewModel */,
			);
			path = GoalInfo;
			sourceTree = "<group>";
		};
		969F91EF2B3E0BE0004BECB1 /* ViewModel */ = {
			isa = PBXGroup;
			children = (
				4F6ED7912B7436A6000E4594 /* ExpandedGoalViewModel.swift */,
			);
			path = ViewModel;
			sourceTree = "<group>";
		};
		969F91F02B3E0BE5004BECB1 /* View */ = {
			isa = PBXGroup;
			children = (
				969F91F12B3E0C08004BECB1 /* ExpandedGoalView.swift */,
			);
			path = View;
			sourceTree = "<group>";
		};
		969F91F32B3ED586004BECB1 /* Calendar */ = {
			isa = PBXGroup;
			children = (
				969F91F42B3ED598004BECB1 /* CalendarView.swift */,
			);
			path = Calendar;
			sourceTree = "<group>";
		};
		969F91F62B3F0107004BECB1 /* Settings */ = {
			isa = PBXGroup;
			children = (
				969F91F72B3F010D004BECB1 /* View */,
			);
			path = Settings;
			sourceTree = "<group>";
		};
		969F91F72B3F010D004BECB1 /* View */ = {
			isa = PBXGroup;
			children = (
				969F91F82B3F0116004BECB1 /* SettingsView.swift */,
			);
			path = View;
			sourceTree = "<group>";
		};
		969F91FC2B3F2500004BECB1 /* Components */ = {
			isa = PBXGroup;
			children = (
				969F91FD2B3F2510004BECB1 /* ExpansionButtonView.swift */,
			);
			path = Components;
			sourceTree = "<group>";
		};
		969F92012B3F7758004BECB1 /* Evidence */ = {
			isa = PBXGroup;
			children = (
				969F92022B3F775C004BECB1 /* View */,
			);
			path = Evidence;
			sourceTree = "<group>";
		};
		969F92022B3F775C004BECB1 /* View */ = {
			isa = PBXGroup;
			children = (
			);
			path = View;
			sourceTree = "<group>";
		};
		96CB3EA42B3DBEC700B3508D /* TabBar */ = {
			isa = PBXGroup;
			children = (
				96CB3EA52B3DBEDE00B3508D /* GoalsTabView.swift */,
			);
			path = TabBar;
			sourceTree = "<group>";
		};
		96CB3EAA2B3DBF5B00B3508D /* Profile */ = {
			isa = PBXGroup;
			children = (
				4F6ED76C2B7186E7000E4594 /* Components */,
				963592A52B54418600DD04B8 /* Edit Profile */,
				4F6ED7772B726A6C000E4594 /* UserProfile */,
				96CB3EBB2B3DC06900B3508D /* CurrentUserProfile */,
			);
			path = Profile;
			sourceTree = "<group>";
		};
		96CB3EAB2B3DBF6B00B3508D /* View */ = {
			isa = PBXGroup;
			children = (
				96CB3EAD2B3DBF7800B3508D /* CurrentUserProfileView.swift */,
			);
			path = View;
			sourceTree = "<group>";
		};
		96CB3EAC2B3DBF6E00B3508D /* ViewModel */ = {
			isa = PBXGroup;
			children = (
				963592B52B59D40900DD04B8 /* CurrentUserProfileViewModel.swift */,
			);
			path = ViewModel;
			sourceTree = "<group>";
		};
		96CB3EB12B3DBFC400B3508D /* GoalCreation */ = {
			isa = PBXGroup;
			children = (
				96CB3EB32B3DBFCD00B3508D /* ViewModel */,
				96CB3EB22B3DBFCA00B3508D /* View */,
			);
			path = GoalCreation;
			sourceTree = "<group>";
		};
		96CB3EB22B3DBFCA00B3508D /* View */ = {
			isa = PBXGroup;
			children = (
				96CB3EB42B3DBFDE00B3508D /* GoalCreationView.swift */,
				4FE8D45B2B754C7600ECD64D /* AddView.swift */,
				4FE8D45D2B754E0800ECD64D /* AddDummyView.swift */,
			);
			path = View;
			sourceTree = "<group>";
		};
		96CB3EB32B3DBFCD00B3508D /* ViewModel */ = {
			isa = PBXGroup;
			children = (
				9600D97A2B5DA99D00DAC807 /* GoalCreationViewModel.swift */,
			);
			path = ViewModel;
			sourceTree = "<group>";
		};
		96CB3EB62B3DC01E00B3508D /* Contract */ = {
			isa = PBXGroup;
			children = (
				96CB3EB82B3DC02800B3508D /* ViewModel */,
				96CB3EB72B3DC02200B3508D /* View */,
			);
			path = Contract;
			sourceTree = "<group>";
		};
		96CB3EB72B3DC02200B3508D /* View */ = {
			isa = PBXGroup;
			children = (
				96CB3EB92B3DC03D00B3508D /* ContractView.swift */,
			);
			path = View;
			sourceTree = "<group>";
		};
		96CB3EB82B3DC02800B3508D /* ViewModel */ = {
			isa = PBXGroup;
			children = (
				9600D9802B5DC15900DAC807 /* ContractViewModel.swift */,
			);
			path = ViewModel;
			sourceTree = "<group>";
		};
		96CB3EBB2B3DC06900B3508D /* CurrentUserProfile */ = {
			isa = PBXGroup;
			children = (
				96CB3EAB2B3DBF6B00B3508D /* View */,
				96CB3EAC2B3DBF6E00B3508D /* ViewModel */,
			);
			path = CurrentUserProfile;
			sourceTree = "<group>";
		};
		96EDC7132B408F5300AC2C38 /* Camera */ = {
			isa = PBXGroup;
			children = (
				96EDC7142B408F9900AC2C38 /* CameraView.swift */,
				96EDC7172B408FEB00AC2C38 /* CameraViewModel.swift */,
				96EDC7192B40900A00AC2C38 /* CameraPreview.swift */,
				96EDC71B2B40903100AC2C38 /* CameraManager.swift */,
			);
			path = Camera;
			sourceTree = "<group>";
		};
		96EDC71D2B40A2D800AC2C38 /* Friends */ = {
			isa = PBXGroup;
			children = (
				96EDC72A2B40E01500AC2C38 /* ViewModel */,
				96EDC7282B40E00200AC2C38 /* View */,
			);
			path = Friends;
			sourceTree = "<group>";
		};
		96EDC7282B40E00200AC2C38 /* View */ = {
			isa = PBXGroup;
			children = (
				96EDC71E2B40A2EC00AC2C38 /* FriendsTabView.swift */,
				96EDC7222B40A31F00AC2C38 /* CurrentFriendsView.swift */,
				96EDC7202B40A30200AC2C38 /* FriendSuggestionsView.swift */,
				96EDC7242B40A33600AC2C38 /* FriendRequestsView.swift */,
			);
			path = View;
			sourceTree = "<group>";
		};
		96EDC72A2B40E01500AC2C38 /* ViewModel */ = {
			isa = PBXGroup;
			children = (
				96EDC72B2B40E01D00AC2C38 /* FriendsTabViewModel.swift */,
				963592A12B54285200DD04B8 /* FriendRequestsViewModel.swift */,
				963592A32B542A0E00DD04B8 /* CurrentFriendsViewModel.swift */,
			);
			path = ViewModel;
			sourceTree = "<group>";
		};
		96F246882B381F4D000CC323 = {
			isa = PBXGroup;
			children = (
				96F246932B381F4D000CC323 /* Goals */,
				96F246922B381F4D000CC323 /* Products */,
			);
			sourceTree = "<group>";
		};
		96F246922B381F4D000CC323 /* Products */ = {
			isa = PBXGroup;
			children = (
				96F246912B381F4D000CC323 /* Goals.app */,
			);
			name = Products;
			sourceTree = "<group>";
		};
		96F246932B381F4D000CC323 /* Goals */ = {
			isa = PBXGroup;
			children = (
				96F247042B3831B6000CC323 /* Extensions */,
				96F246DE2B38230B000CC323 /* App */,
				96F246E22B38249A000CC323 /* Core */,
				96F246F72B382905000CC323 /* Model */,
				96F246F32B3827EB000CC323 /* Utils */,
				96F246982B381F50000CC323 /* Assets.xcassets */,
				96F246A22B382159000CC323 /* GoogleService-Info.plist */,
				96F2470C2B389B6C000CC323 /* Info.plist */,
				96F2469A2B381F50000CC323 /* Preview Content */,
			);
			path = Goals;
			sourceTree = "<group>";
		};
		96F2469A2B381F50000CC323 /* Preview Content */ = {
			isa = PBXGroup;
			children = (
				96F2469B2B381F50000CC323 /* Preview Assets.xcassets */,
			);
			path = "Preview Content";
			sourceTree = "<group>";
		};
		96F246DE2B38230B000CC323 /* App */ = {
			isa = PBXGroup;
			children = (
				96F246942B381F4D000CC323 /* GoalsApp.swift */,
			);
			path = App;
			sourceTree = "<group>";
		};
		96F246DF2B382329000CC323 /* Root */ = {
			isa = PBXGroup;
			children = (
				96F246E02B382332000CC323 /* View */,
				96F246E12B382336000CC323 /* ViewModel */,
			);
			path = Root;
			sourceTree = "<group>";
		};
		96F246E02B382332000CC323 /* View */ = {
			isa = PBXGroup;
			children = (
				96F246962B381F4D000CC323 /* ContentView.swift */,
			);
			path = View;
			sourceTree = "<group>";
		};
		96F246E12B382336000CC323 /* ViewModel */ = {
			isa = PBXGroup;
			children = (
				96F246FA2B3829B8000CC323 /* ContentViewModel.swift */,
			);
			path = ViewModel;
			sourceTree = "<group>";
		};
		96F246E22B38249A000CC323 /* Core */ = {
			isa = PBXGroup;
			children = (
				96F246E32B3824A9000CC323 /* Authentification */,
				969F91F32B3ED586004BECB1 /* Calendar */,
				96EDC7132B408F5300AC2C38 /* Camera */,
				963592962B50A14500DD04B8 /* Components */,
				96CB3EB62B3DC01E00B3508D /* Contract */,
				969F92012B3F7758004BECB1 /* Evidence */,
				4FE8D45F2B758DC200ECD64D /* Explanation */,
				96F246FC2B382A8A000CC323 /* Feed */,
				96EDC71D2B40A2D800AC2C38 /* Friends */,
				96CB3EB12B3DBFC400B3508D /* GoalCreation */,
				969F91EE2B3E0BCC004BECB1 /* GoalInfo */,
				4F6ED78A2B741ED1000E4594 /* PartnerSearch */,
				96CB3EAA2B3DBF5B00B3508D /* Profile */,
				4FE8D4632B758F3500ECD64D /* Public Challenges */,
				96F246DF2B382329000CC323 /* Root */,
				96F246F02B3826DA000CC323 /* Service */,
				969F91F62B3F0107004BECB1 /* Settings */,
				96CB3EA42B3DBEC700B3508D /* TabBar */,
			);
			path = Core;
			sourceTree = "<group>";
		};
		96F246E32B3824A9000CC323 /* Authentification */ = {
			isa = PBXGroup;
			children = (
				96F247012B382E01000CC323 /* Protocols */,
				96F246ED2B38264A000CC323 /* Model */,
				96F246E82B382515000CC323 /* ViewModel */,
				96F246E72B382511000CC323 /* View */,
				96F246E42B3824C1000CC323 /* Service */,
			);
			path = Authentification;
			sourceTree = "<group>";
		};
		96F246E42B3824C1000CC323 /* Service */ = {
			isa = PBXGroup;
			children = (
				96F246E52B3824E1000CC323 /* AuthService.swift */,
			);
			path = Service;
			sourceTree = "<group>";
		};
		96F246E72B382511000CC323 /* View */ = {
			isa = PBXGroup;
			children = (
				96F246E92B38252A000CC323 /* LoginView.swift */,
				96CB3EA02B38F24D00B3508D /* RegistrationView.swift */,
			);
			path = View;
			sourceTree = "<group>";
		};
		96F246E82B382515000CC323 /* ViewModel */ = {
			isa = PBXGroup;
			children = (
				96F246EB2B382544000CC323 /* LoginViewModel.swift */,
				96CB3EA22B38F28300B3508D /* RegistrationViewModel.swift */,
			);
			path = ViewModel;
			sourceTree = "<group>";
		};
		96F246ED2B38264A000CC323 /* Model */ = {
			isa = PBXGroup;
			children = (
				96F246EE2B382657000CC323 /* AuthError.swift */,
			);
			path = Model;
			sourceTree = "<group>";
		};
		96F246F02B3826DA000CC323 /* Service */ = {
			isa = PBXGroup;
			children = (
				96F246F12B3826E8000CC323 /* UserService.swift */,
				963592B72B59D6E900DD04B8 /* ImageUploader.swift */,
				9600D97C2B5DA9CE00DAC807 /* GoalService.swift */,
			);
			path = Service;
			sourceTree = "<group>";
		};
		96F246F32B3827EB000CC323 /* Utils */ = {
			isa = PBXGroup;
			children = (
				96F247072B383279000CC323 /* Modifiers */,
				96F246F42B382820000CC323 /* Constants */,
			);
			path = Utils;
			sourceTree = "<group>";
		};
		96F246F42B382820000CC323 /* Constants */ = {
			isa = PBXGroup;
			children = (
				96F246F52B38283A000CC323 /* FirestoreConstants.swift */,
			);
			path = Constants;
			sourceTree = "<group>";
		};
		96F246F72B382905000CC323 /* Model */ = {
			isa = PBXGroup;
			children = (
				96F246F82B382928000CC323 /* User.swift */,
				9600D9782B5B072000DAC807 /* Goal.swift */,
			);
			path = Model;
			sourceTree = "<group>";
		};
		96F246FC2B382A8A000CC323 /* Feed */ = {
			isa = PBXGroup;
			children = (
				969F91E82B3DFD87004BECB1 /* Components */,
				96F246FF2B382AA3000CC323 /* View */,
				96F247002B382AA7000CC323 /* ViewModel */,
			);
			path = Feed;
			sourceTree = "<group>";
		};
		96F246FF2B382AA3000CC323 /* View */ = {
			isa = PBXGroup;
			children = (
				96F246FD2B382A96000CC323 /* FeedView.swift */,
			);
			path = View;
			sourceTree = "<group>";
		};
		96F247002B382AA7000CC323 /* ViewModel */ = {
			isa = PBXGroup;
			children = (
				4F6ED7862B72A4F8000E4594 /* FeedViewModel.swift */,
			);
			path = ViewModel;
			sourceTree = "<group>";
		};
		96F247012B382E01000CC323 /* Protocols */ = {
			isa = PBXGroup;
			children = (
				96F247022B382E18000CC323 /* AuthenticationFormProtocol.swift */,
			);
			path = Protocols;
			sourceTree = "<group>";
		};
		96F247042B3831B6000CC323 /* Extensions */ = {
			isa = PBXGroup;
			children = (
				96F247052B3831C1000CC323 /* Color.swift */,
				9635929B2B50A20100DD04B8 /* PreviewProvider.swift */,
			);
			path = Extensions;
			sourceTree = "<group>";
		};
		96F247072B383279000CC323 /* Modifiers */ = {
			isa = PBXGroup;
			children = (
				96F247082B383289000CC323 /* ThreadsButtonModifier.swift */,
				96F2470A2B3832A3000CC323 /* ThreadsTextFieldModifier.swift */,
				96CB3EBC2B3DCF6800B3508D /* Hex.swift */,
			);
			path = Modifiers;
			sourceTree = "<group>";
		};
/* End PBXGroup section */

/* Begin PBXNativeTarget section */
		96F246902B381F4D000CC323 /* Goals */ = {
			isa = PBXNativeTarget;
			buildConfigurationList = 96F2469F2B381F50000CC323 /* Build configuration list for PBXNativeTarget "Goals" */;
			buildPhases = (
				96F2468D2B381F4D000CC323 /* Sources */,
				96F2468E2B381F4D000CC323 /* Frameworks */,
				96F2468F2B381F4D000CC323 /* Resources */,
			);
			buildRules = (
			);
			dependencies = (
			);
			name = Goals;
			packageProductDependencies = (
				96F246A52B3821D1000CC323 /* FirebaseAnalytics */,
				96F246A72B3821D1000CC323 /* FirebaseAnalyticsOnDeviceConversion */,
				96F246A92B3821D1000CC323 /* FirebaseAnalyticsSwift */,
				96F246AB2B3821D1000CC323 /* FirebaseAnalyticsWithoutAdIdSupport */,
				96F246AD2B3821D1000CC323 /* FirebaseAppCheck */,
				96F246AF2B3821D1000CC323 /* FirebaseAppDistribution-Beta */,
				96F246B12B3821D1000CC323 /* FirebaseAuth */,
				96F246B32B3821D1000CC323 /* FirebaseAuthCombine-Community */,
				96F246B52B3821D1000CC323 /* FirebaseCrashlytics */,
				96F246B72B3821D1000CC323 /* FirebaseDatabase */,
				96F246B92B3821D2000CC323 /* FirebaseDatabaseSwift */,
				96F246BB2B3821D2000CC323 /* FirebaseDynamicLinks */,
				96F246BD2B3821D2000CC323 /* FirebaseFirestore */,
				96F246BF2B3821D2000CC323 /* FirebaseFirestoreCombine-Community */,
				96F246C12B3821D2000CC323 /* FirebaseFirestoreSwift */,
				96F246C32B3821D2000CC323 /* FirebaseFunctions */,
				96F246C52B3821D2000CC323 /* FirebaseFunctionsCombine-Community */,
				96F246C72B3821D2000CC323 /* FirebaseInAppMessaging-Beta */,
				96F246C92B3821D2000CC323 /* FirebaseInAppMessagingSwift-Beta */,
				96F246CB2B3821D2000CC323 /* FirebaseInstallations */,
				96F246CD2B3821D2000CC323 /* FirebaseMLModelDownloader */,
				96F246CF2B3821D2000CC323 /* FirebaseMessaging */,
				96F246D12B3821D2000CC323 /* FirebasePerformance */,
				96F246D32B3821D2000CC323 /* FirebaseRemoteConfig */,
				96F246D52B3821D2000CC323 /* FirebaseRemoteConfigSwift */,
				96F246D72B3821D2000CC323 /* FirebaseStorage */,
				96F246D92B3821D2000CC323 /* FirebaseStorageCombine-Community */,
				96F246DC2B3821F4000CC323 /* Kingfisher */,
			);
			productName = Goals;
			productReference = 96F246912B381F4D000CC323 /* Goals.app */;
			productType = "com.apple.product-type.application";
		};
/* End PBXNativeTarget section */

/* Begin PBXProject section */
		96F246892B381F4D000CC323 /* Project object */ = {
			isa = PBXProject;
			attributes = {
				BuildIndependentTargetsInParallel = 1;
				LastSwiftUpdateCheck = 1500;
				LastUpgradeCheck = 1500;
				TargetAttributes = {
					96F246902B381F4D000CC323 = {
						CreatedOnToolsVersion = 15.0.1;
					};
				};
			};
			buildConfigurationList = 96F2468C2B381F4D000CC323 /* Build configuration list for PBXProject "Goals" */;
			compatibilityVersion = "Xcode 14.0";
			developmentRegion = en;
			hasScannedForEncodings = 0;
			knownRegions = (
				en,
				Base,
			);
			mainGroup = 96F246882B381F4D000CC323;
			packageReferences = (
				96F246A42B3821D1000CC323 /* XCRemoteSwiftPackageReference "firebase-ios-sdk" */,
				96F246DB2B3821F4000CC323 /* XCRemoteSwiftPackageReference "Kingfisher" */,
			);
			productRefGroup = 96F246922B381F4D000CC323 /* Products */;
			projectDirPath = "";
			projectRoot = "";
			targets = (
				96F246902B381F4D000CC323 /* Goals */,
			);
		};
/* End PBXProject section */

/* Begin PBXResourcesBuildPhase section */
		96F2468F2B381F4D000CC323 /* Resources */ = {
			isa = PBXResourcesBuildPhase;
			buildActionMask = 2147483647;
			files = (
				96F2469C2B381F50000CC323 /* Preview Assets.xcassets in Resources */,
				96F246992B381F50000CC323 /* Assets.xcassets in Resources */,
				96F246A32B382159000CC323 /* GoogleService-Info.plist in Resources */,
			);
			runOnlyForDeploymentPostprocessing = 0;
		};
/* End PBXResourcesBuildPhase section */

/* Begin PBXSourcesBuildPhase section */
		96F2468D2B381F4D000CC323 /* Sources */ = {
			isa = PBXSourcesBuildPhase;
			buildActionMask = 2147483647;
			files = (
				969F92002B3F5895004BECB1 /* SelfCollapsedGoalViewCell.swift in Sources */,
				96F246F22B3826E8000CC323 /* UserService.swift in Sources */,
				963592B82B59D6E900DD04B8 /* ImageUploader.swift in Sources */,
				96EDC72C2B40E01D00AC2C38 /* FriendsTabViewModel.swift in Sources */,
				96CB3EA32B38F28300B3508D /* RegistrationViewModel.swift in Sources */,
				96F246EF2B382657000CC323 /* AuthError.swift in Sources */,
				963592A02B5420C200DD04B8 /* UserCellViewModel.swift in Sources */,
				96CB3EA62B3DBEDE00B3508D /* GoalsTabView.swift in Sources */,
				9600D9792B5B072000DAC807 /* Goal.swift in Sources */,
				4F6ED7852B72A3CA000E4594 /* FeedSelfGoalsView.swift in Sources */,
				9635929C2B50A20100DD04B8 /* PreviewProvider.swift in Sources */,
				969F91FE2B3F2510004BECB1 /* ExpansionButtonView.swift in Sources */,
				9635929A2B50A19F00DD04B8 /* CircularProfileImageView.swift in Sources */,
				969F91F22B3E0C08004BECB1 /* ExpandedGoalView.swift in Sources */,
				96F246E62B3824E1000CC323 /* AuthService.swift in Sources */,
				96F246F62B38283A000CC323 /* FirestoreConstants.swift in Sources */,
				96EDC7252B40A33600AC2C38 /* FriendRequestsView.swift in Sources */,
				4F6ED78E2B741EF4000E4594 /* PartnerSearchView.swift in Sources */,
				4F6ED7722B71871F000E4594 /* UserContentListViewModel.swift in Sources */,
				4F6ED7702B718715000E4594 /* UserContentListView.swift in Sources */,
				4FE8D4622B758DDF00ECD64D /* ExplanationView.swift in Sources */,
				96EDC71A2B40900A00AC2C38 /* CameraPreview.swift in Sources */,
				96F247062B3831C1000CC323 /* Color.swift in Sources */,
				9600D97D2B5DA9CE00DAC807 /* GoalService.swift in Sources */,
				969F91ED2B3E0687004BECB1 /* CollapsedGoalViewCell.swift in Sources */,
				963592A72B54419700DD04B8 /* EditProfileView.swift in Sources */,
				96F246FB2B3829B8000CC323 /* ContentViewModel.swift in Sources */,
				96F246972B381F4D000CC323 /* ContentView.swift in Sources */,
				96EDC7182B408FEB00AC2C38 /* CameraViewModel.swift in Sources */,
				9600D97B2B5DA99D00DAC807 /* GoalCreationViewModel.swift in Sources */,
				969F91EA2B3DFDBE004BECB1 /* EvidenceViewFeedView.swift in Sources */,
				4FE8D45E2B754E0800ECD64D /* AddDummyView.swift in Sources */,
				4F6ED7762B71890F000E4594 /* GoalViewCell.swift in Sources */,
				96CB3EA12B38F24D00B3508D /* RegistrationView.swift in Sources */,
				969F91F52B3ED598004BECB1 /* CalendarView.swift in Sources */,
				963592A42B542A0E00DD04B8 /* CurrentFriendsViewModel.swift in Sources */,
				96EDC7152B408F9900AC2C38 /* CameraView.swift in Sources */,
				96F246FE2B382A96000CC323 /* FeedView.swift in Sources */,
				4FE8D4662B758F5600ECD64D /* PublicChallengesView.swift in Sources */,
				4F6ED7902B741F0A000E4594 /* PartnerSearchViewModel.swift in Sources */,
				4F6ED7872B72A4F8000E4594 /* FeedViewModel.swift in Sources */,
				96CB3EB52B3DBFDE00B3508D /* GoalCreationView.swift in Sources */,
				96CB3EAE2B3DBF7800B3508D /* CurrentUserProfileView.swift in Sources */,
				96CB3EBA2B3DC03D00B3508D /* ContractView.swift in Sources */,
				963592B42B59D2D400DD04B8 /* EditProfileViewModel.swift in Sources */,
				963592B62B59D40900DD04B8 /* CurrentUserProfileViewModel.swift in Sources */,
				96F246F92B382928000CC323 /* User.swift in Sources */,
				96EDC71F2B40A2EC00AC2C38 /* FriendsTabView.swift in Sources */,
				4F6ED7922B7436A6000E4594 /* ExpandedGoalViewModel.swift in Sources */,
				4F6ED77C2B726CB6000E4594 /* UserProfileView.swift in Sources */,
				96F246EA2B38252A000CC323 /* LoginView.swift in Sources */,
				969F91F92B3F0116004BECB1 /* SettingsView.swift in Sources */,
				96F246EC2B382544000CC323 /* LoginViewModel.swift in Sources */,
				9600D9812B5DC15900DAC807 /* ContractViewModel.swift in Sources */,
				4FE8D45C2B754C7600ECD64D /* AddView.swift in Sources */,
				96CB3EBD2B3DCF6800B3508D /* Hex.swift in Sources */,
				963592952B509F8300DD04B8 /* UserCell.swift in Sources */,
				96F247032B382E18000CC323 /* AuthenticationFormProtocol.swift in Sources */,
				96F2470B2B3832A3000CC323 /* ThreadsTextFieldModifier.swift in Sources */,
				4F6ED7892B741B2B000E4594 /* PartnerAddCell.swift in Sources */,
				96F247092B383289000CC323 /* ThreadsButtonModifier.swift in Sources */,
				963592A22B54285200DD04B8 /* FriendRequestsViewModel.swift in Sources */,
				96EDC71C2B40903100AC2C38 /* CameraManager.swift in Sources */,
				96EDC7212B40A30200AC2C38 /* FriendSuggestionsView.swift in Sources */,
				96F246952B381F4D000CC323 /* GoalsApp.swift in Sources */,
				96EDC7232B40A31F00AC2C38 /* CurrentFriendsView.swift in Sources */,
				4F6ED77E2B726E3B000E4594 /* UserProfileViewModel.swift in Sources */,
			);
			runOnlyForDeploymentPostprocessing = 0;
		};
/* End PBXSourcesBuildPhase section */

/* Begin XCBuildConfiguration section */
		96F2469D2B381F50000CC323 /* Debug */ = {
			isa = XCBuildConfiguration;
			buildSettings = {
				ALWAYS_SEARCH_USER_PATHS = NO;
				ASSETCATALOG_COMPILER_GENERATE_SWIFT_ASSET_SYMBOL_EXTENSIONS = YES;
				CLANG_ANALYZER_NONNULL = YES;
				CLANG_ANALYZER_NUMBER_OBJECT_CONVERSION = YES_AGGRESSIVE;
				CLANG_CXX_LANGUAGE_STANDARD = "gnu++20";
				CLANG_ENABLE_MODULES = YES;
				CLANG_ENABLE_OBJC_ARC = YES;
				CLANG_ENABLE_OBJC_WEAK = YES;
				CLANG_WARN_BLOCK_CAPTURE_AUTORELEASING = YES;
				CLANG_WARN_BOOL_CONVERSION = YES;
				CLANG_WARN_COMMA = YES;
				CLANG_WARN_CONSTANT_CONVERSION = YES;
				CLANG_WARN_DEPRECATED_OBJC_IMPLEMENTATIONS = YES;
				CLANG_WARN_DIRECT_OBJC_ISA_USAGE = YES_ERROR;
				CLANG_WARN_DOCUMENTATION_COMMENTS = YES;
				CLANG_WARN_EMPTY_BODY = YES;
				CLANG_WARN_ENUM_CONVERSION = YES;
				CLANG_WARN_INFINITE_RECURSION = YES;
				CLANG_WARN_INT_CONVERSION = YES;
				CLANG_WARN_NON_LITERAL_NULL_CONVERSION = YES;
				CLANG_WARN_OBJC_IMPLICIT_RETAIN_SELF = YES;
				CLANG_WARN_OBJC_LITERAL_CONVERSION = YES;
				CLANG_WARN_OBJC_ROOT_CLASS = YES_ERROR;
				CLANG_WARN_QUOTED_INCLUDE_IN_FRAMEWORK_HEADER = YES;
				CLANG_WARN_RANGE_LOOP_ANALYSIS = YES;
				CLANG_WARN_STRICT_PROTOTYPES = YES;
				CLANG_WARN_SUSPICIOUS_MOVE = YES;
				CLANG_WARN_UNGUARDED_AVAILABILITY = YES_AGGRESSIVE;
				CLANG_WARN_UNREACHABLE_CODE = YES;
				CLANG_WARN__DUPLICATE_METHOD_MATCH = YES;
				COPY_PHASE_STRIP = NO;
				DEBUG_INFORMATION_FORMAT = dwarf;
				ENABLE_STRICT_OBJC_MSGSEND = YES;
				ENABLE_TESTABILITY = YES;
				ENABLE_USER_SCRIPT_SANDBOXING = YES;
				GCC_C_LANGUAGE_STANDARD = gnu17;
				GCC_DYNAMIC_NO_PIC = NO;
				GCC_NO_COMMON_BLOCKS = YES;
				GCC_OPTIMIZATION_LEVEL = 0;
				GCC_PREPROCESSOR_DEFINITIONS = (
					"DEBUG=1",
					"$(inherited)",
				);
				GCC_WARN_64_TO_32_BIT_CONVERSION = YES;
				GCC_WARN_ABOUT_RETURN_TYPE = YES_ERROR;
				GCC_WARN_UNDECLARED_SELECTOR = YES;
				GCC_WARN_UNINITIALIZED_AUTOS = YES_AGGRESSIVE;
				GCC_WARN_UNUSED_FUNCTION = YES;
				GCC_WARN_UNUSED_VARIABLE = YES;
				IPHONEOS_DEPLOYMENT_TARGET = 17.0;
				LOCALIZATION_PREFERS_STRING_CATALOGS = YES;
				MTL_ENABLE_DEBUG_INFO = INCLUDE_SOURCE;
				MTL_FAST_MATH = YES;
				ONLY_ACTIVE_ARCH = YES;
				SDKROOT = iphoneos;
				SWIFT_ACTIVE_COMPILATION_CONDITIONS = "DEBUG $(inherited)";
				SWIFT_OPTIMIZATION_LEVEL = "-Onone";
			};
			name = Debug;
		};
		96F2469E2B381F50000CC323 /* Release */ = {
			isa = XCBuildConfiguration;
			buildSettings = {
				ALWAYS_SEARCH_USER_PATHS = NO;
				ASSETCATALOG_COMPILER_GENERATE_SWIFT_ASSET_SYMBOL_EXTENSIONS = YES;
				CLANG_ANALYZER_NONNULL = YES;
				CLANG_ANALYZER_NUMBER_OBJECT_CONVERSION = YES_AGGRESSIVE;
				CLANG_CXX_LANGUAGE_STANDARD = "gnu++20";
				CLANG_ENABLE_MODULES = YES;
				CLANG_ENABLE_OBJC_ARC = YES;
				CLANG_ENABLE_OBJC_WEAK = YES;
				CLANG_WARN_BLOCK_CAPTURE_AUTORELEASING = YES;
				CLANG_WARN_BOOL_CONVERSION = YES;
				CLANG_WARN_COMMA = YES;
				CLANG_WARN_CONSTANT_CONVERSION = YES;
				CLANG_WARN_DEPRECATED_OBJC_IMPLEMENTATIONS = YES;
				CLANG_WARN_DIRECT_OBJC_ISA_USAGE = YES_ERROR;
				CLANG_WARN_DOCUMENTATION_COMMENTS = YES;
				CLANG_WARN_EMPTY_BODY = YES;
				CLANG_WARN_ENUM_CONVERSION = YES;
				CLANG_WARN_INFINITE_RECURSION = YES;
				CLANG_WARN_INT_CONVERSION = YES;
				CLANG_WARN_NON_LITERAL_NULL_CONVERSION = YES;
				CLANG_WARN_OBJC_IMPLICIT_RETAIN_SELF = YES;
				CLANG_WARN_OBJC_LITERAL_CONVERSION = YES;
				CLANG_WARN_OBJC_ROOT_CLASS = YES_ERROR;
				CLANG_WARN_QUOTED_INCLUDE_IN_FRAMEWORK_HEADER = YES;
				CLANG_WARN_RANGE_LOOP_ANALYSIS = YES;
				CLANG_WARN_STRICT_PROTOTYPES = YES;
				CLANG_WARN_SUSPICIOUS_MOVE = YES;
				CLANG_WARN_UNGUARDED_AVAILABILITY = YES_AGGRESSIVE;
				CLANG_WARN_UNREACHABLE_CODE = YES;
				CLANG_WARN__DUPLICATE_METHOD_MATCH = YES;
				COPY_PHASE_STRIP = NO;
				DEBUG_INFORMATION_FORMAT = "dwarf-with-dsym";
				ENABLE_NS_ASSERTIONS = NO;
				ENABLE_STRICT_OBJC_MSGSEND = YES;
				ENABLE_USER_SCRIPT_SANDBOXING = YES;
				GCC_C_LANGUAGE_STANDARD = gnu17;
				GCC_NO_COMMON_BLOCKS = YES;
				GCC_WARN_64_TO_32_BIT_CONVERSION = YES;
				GCC_WARN_ABOUT_RETURN_TYPE = YES_ERROR;
				GCC_WARN_UNDECLARED_SELECTOR = YES;
				GCC_WARN_UNINITIALIZED_AUTOS = YES_AGGRESSIVE;
				GCC_WARN_UNUSED_FUNCTION = YES;
				GCC_WARN_UNUSED_VARIABLE = YES;
				IPHONEOS_DEPLOYMENT_TARGET = 17.0;
				LOCALIZATION_PREFERS_STRING_CATALOGS = YES;
				MTL_ENABLE_DEBUG_INFO = NO;
				MTL_FAST_MATH = YES;
				SDKROOT = iphoneos;
				SWIFT_COMPILATION_MODE = wholemodule;
				VALIDATE_PRODUCT = YES;
			};
			name = Release;
		};
		96F246A02B381F50000CC323 /* Debug */ = {
			isa = XCBuildConfiguration;
			buildSettings = {
				ASSETCATALOG_COMPILER_APPICON_NAME = AppIcon;
				ASSETCATALOG_COMPILER_GLOBAL_ACCENT_COLOR_NAME = AccentColor;
				CODE_SIGN_STYLE = Automatic;
				CURRENT_PROJECT_VERSION = 1;
				DEVELOPMENT_ASSET_PATHS = "\"Goals/Preview Content\"";
				DEVELOPMENT_TEAM = 5GA4U3633C;
				ENABLE_PREVIEWS = YES;
				GENERATE_INFOPLIST_FILE = YES;
				INFOPLIST_FILE = Goals/Info.plist;
				INFOPLIST_KEY_LSApplicationCategoryType = "";
				INFOPLIST_KEY_NSCameraUsageDescription = "To take pictures of evidence.";
				INFOPLIST_KEY_NSPhotoLibraryUsageDescription = "To store the evidences";
				INFOPLIST_KEY_UIApplicationSceneManifest_Generation = YES;
				INFOPLIST_KEY_UIApplicationSupportsIndirectInputEvents = YES;
				INFOPLIST_KEY_UILaunchScreen_Generation = YES;
				INFOPLIST_KEY_UISupportedInterfaceOrientations = UIInterfaceOrientationPortrait;
				INFOPLIST_KEY_UISupportedInterfaceOrientations_iPad = "UIInterfaceOrientationLandscapeLeft UIInterfaceOrientationLandscapeRight UIInterfaceOrientationPortrait UIInterfaceOrientationPortraitUpsideDown";
				LD_RUNPATH_SEARCH_PATHS = (
					"$(inherited)",
					"@executable_path/Frameworks",
				);
				MARKETING_VERSION = 1.0;
				PRODUCT_BUNDLE_IDENTIFIER = com.jeremydaines.Goals;
				PRODUCT_NAME = "$(TARGET_NAME)";
				SWIFT_EMIT_LOC_STRINGS = YES;
				SWIFT_VERSION = 5.0;
				TARGETED_DEVICE_FAMILY = "1,2";
			};
			name = Debug;
		};
		96F246A12B381F50000CC323 /* Release */ = {
			isa = XCBuildConfiguration;
			buildSettings = {
				ASSETCATALOG_COMPILER_APPICON_NAME = AppIcon;
				ASSETCATALOG_COMPILER_GLOBAL_ACCENT_COLOR_NAME = AccentColor;
				CODE_SIGN_STYLE = Automatic;
				CURRENT_PROJECT_VERSION = 1;
				DEVELOPMENT_ASSET_PATHS = "\"Goals/Preview Content\"";
				DEVELOPMENT_TEAM = 5GA4U3633C;
				ENABLE_PREVIEWS = YES;
				GENERATE_INFOPLIST_FILE = YES;
				INFOPLIST_FILE = Goals/Info.plist;
				INFOPLIST_KEY_LSApplicationCategoryType = "";
				INFOPLIST_KEY_NSCameraUsageDescription = "To take pictures of evidence.";
				INFOPLIST_KEY_NSPhotoLibraryUsageDescription = "To store the evidences";
				INFOPLIST_KEY_UIApplicationSceneManifest_Generation = YES;
				INFOPLIST_KEY_UIApplicationSupportsIndirectInputEvents = YES;
				INFOPLIST_KEY_UILaunchScreen_Generation = YES;
				INFOPLIST_KEY_UISupportedInterfaceOrientations = UIInterfaceOrientationPortrait;
				INFOPLIST_KEY_UISupportedInterfaceOrientations_iPad = "UIInterfaceOrientationLandscapeLeft UIInterfaceOrientationLandscapeRight UIInterfaceOrientationPortrait UIInterfaceOrientationPortraitUpsideDown";
				LD_RUNPATH_SEARCH_PATHS = (
					"$(inherited)",
					"@executable_path/Frameworks",
				);
				MARKETING_VERSION = 1.0;
				PRODUCT_BUNDLE_IDENTIFIER = com.jeremydaines.Goals;
				PRODUCT_NAME = "$(TARGET_NAME)";
				SWIFT_EMIT_LOC_STRINGS = YES;
				SWIFT_VERSION = 5.0;
				TARGETED_DEVICE_FAMILY = "1,2";
			};
			name = Release;
		};
/* End XCBuildConfiguration section */

/* Begin XCConfigurationList section */
		96F2468C2B381F4D000CC323 /* Build configuration list for PBXProject "Goals" */ = {
			isa = XCConfigurationList;
			buildConfigurations = (
				96F2469D2B381F50000CC323 /* Debug */,
				96F2469E2B381F50000CC323 /* Release */,
			);
			defaultConfigurationIsVisible = 0;
			defaultConfigurationName = Release;
		};
		96F2469F2B381F50000CC323 /* Build configuration list for PBXNativeTarget "Goals" */ = {
			isa = XCConfigurationList;
			buildConfigurations = (
				96F246A02B381F50000CC323 /* Debug */,
				96F246A12B381F50000CC323 /* Release */,
			);
			defaultConfigurationIsVisible = 0;
			defaultConfigurationName = Release;
		};
/* End XCConfigurationList section */

/* Begin XCRemoteSwiftPackageReference section */
		96F246A42B3821D1000CC323 /* XCRemoteSwiftPackageReference "firebase-ios-sdk" */ = {
			isa = XCRemoteSwiftPackageReference;
			repositoryURL = "https://github.com/firebase/firebase-ios-sdk.git";
			requirement = {
				kind = upToNextMajorVersion;
				minimumVersion = 10.19.1;
			};
		};
		96F246DB2B3821F4000CC323 /* XCRemoteSwiftPackageReference "Kingfisher" */ = {
			isa = XCRemoteSwiftPackageReference;
			repositoryURL = "https://github.com/onevcat/Kingfisher.git";
			requirement = {
				kind = upToNextMajorVersion;
				minimumVersion = 7.10.1;
			};
		};
/* End XCRemoteSwiftPackageReference section */

/* Begin XCSwiftPackageProductDependency section */
		96F246A52B3821D1000CC323 /* FirebaseAnalytics */ = {
			isa = XCSwiftPackageProductDependency;
			package = 96F246A42B3821D1000CC323 /* XCRemoteSwiftPackageReference "firebase-ios-sdk" */;
			productName = FirebaseAnalytics;
		};
		96F246A72B3821D1000CC323 /* FirebaseAnalyticsOnDeviceConversion */ = {
			isa = XCSwiftPackageProductDependency;
			package = 96F246A42B3821D1000CC323 /* XCRemoteSwiftPackageReference "firebase-ios-sdk" */;
			productName = FirebaseAnalyticsOnDeviceConversion;
		};
		96F246A92B3821D1000CC323 /* FirebaseAnalyticsSwift */ = {
			isa = XCSwiftPackageProductDependency;
			package = 96F246A42B3821D1000CC323 /* XCRemoteSwiftPackageReference "firebase-ios-sdk" */;
			productName = FirebaseAnalyticsSwift;
		};
		96F246AB2B3821D1000CC323 /* FirebaseAnalyticsWithoutAdIdSupport */ = {
			isa = XCSwiftPackageProductDependency;
			package = 96F246A42B3821D1000CC323 /* XCRemoteSwiftPackageReference "firebase-ios-sdk" */;
			productName = FirebaseAnalyticsWithoutAdIdSupport;
		};
		96F246AD2B3821D1000CC323 /* FirebaseAppCheck */ = {
			isa = XCSwiftPackageProductDependency;
			package = 96F246A42B3821D1000CC323 /* XCRemoteSwiftPackageReference "firebase-ios-sdk" */;
			productName = FirebaseAppCheck;
		};
		96F246AF2B3821D1000CC323 /* FirebaseAppDistribution-Beta */ = {
			isa = XCSwiftPackageProductDependency;
			package = 96F246A42B3821D1000CC323 /* XCRemoteSwiftPackageReference "firebase-ios-sdk" */;
			productName = "FirebaseAppDistribution-Beta";
		};
		96F246B12B3821D1000CC323 /* FirebaseAuth */ = {
			isa = XCSwiftPackageProductDependency;
			package = 96F246A42B3821D1000CC323 /* XCRemoteSwiftPackageReference "firebase-ios-sdk" */;
			productName = FirebaseAuth;
		};
		96F246B32B3821D1000CC323 /* FirebaseAuthCombine-Community */ = {
			isa = XCSwiftPackageProductDependency;
			package = 96F246A42B3821D1000CC323 /* XCRemoteSwiftPackageReference "firebase-ios-sdk" */;
			productName = "FirebaseAuthCombine-Community";
		};
		96F246B52B3821D1000CC323 /* FirebaseCrashlytics */ = {
			isa = XCSwiftPackageProductDependency;
			package = 96F246A42B3821D1000CC323 /* XCRemoteSwiftPackageReference "firebase-ios-sdk" */;
			productName = FirebaseCrashlytics;
		};
		96F246B72B3821D1000CC323 /* FirebaseDatabase */ = {
			isa = XCSwiftPackageProductDependency;
			package = 96F246A42B3821D1000CC323 /* XCRemoteSwiftPackageReference "firebase-ios-sdk" */;
			productName = FirebaseDatabase;
		};
		96F246B92B3821D2000CC323 /* FirebaseDatabaseSwift */ = {
			isa = XCSwiftPackageProductDependency;
			package = 96F246A42B3821D1000CC323 /* XCRemoteSwiftPackageReference "firebase-ios-sdk" */;
			productName = FirebaseDatabaseSwift;
		};
		96F246BB2B3821D2000CC323 /* FirebaseDynamicLinks */ = {
			isa = XCSwiftPackageProductDependency;
			package = 96F246A42B3821D1000CC323 /* XCRemoteSwiftPackageReference "firebase-ios-sdk" */;
			productName = FirebaseDynamicLinks;
		};
		96F246BD2B3821D2000CC323 /* FirebaseFirestore */ = {
			isa = XCSwiftPackageProductDependency;
			package = 96F246A42B3821D1000CC323 /* XCRemoteSwiftPackageReference "firebase-ios-sdk" */;
			productName = FirebaseFirestore;
		};
		96F246BF2B3821D2000CC323 /* FirebaseFirestoreCombine-Community */ = {
			isa = XCSwiftPackageProductDependency;
			package = 96F246A42B3821D1000CC323 /* XCRemoteSwiftPackageReference "firebase-ios-sdk" */;
			productName = "FirebaseFirestoreCombine-Community";
		};
		96F246C12B3821D2000CC323 /* FirebaseFirestoreSwift */ = {
			isa = XCSwiftPackageProductDependency;
			package = 96F246A42B3821D1000CC323 /* XCRemoteSwiftPackageReference "firebase-ios-sdk" */;
			productName = FirebaseFirestoreSwift;
		};
		96F246C32B3821D2000CC323 /* FirebaseFunctions */ = {
			isa = XCSwiftPackageProductDependency;
			package = 96F246A42B3821D1000CC323 /* XCRemoteSwiftPackageReference "firebase-ios-sdk" */;
			productName = FirebaseFunctions;
		};
		96F246C52B3821D2000CC323 /* FirebaseFunctionsCombine-Community */ = {
			isa = XCSwiftPackageProductDependency;
			package = 96F246A42B3821D1000CC323 /* XCRemoteSwiftPackageReference "firebase-ios-sdk" */;
			productName = "FirebaseFunctionsCombine-Community";
		};
		96F246C72B3821D2000CC323 /* FirebaseInAppMessaging-Beta */ = {
			isa = XCSwiftPackageProductDependency;
			package = 96F246A42B3821D1000CC323 /* XCRemoteSwiftPackageReference "firebase-ios-sdk" */;
			productName = "FirebaseInAppMessaging-Beta";
		};
		96F246C92B3821D2000CC323 /* FirebaseInAppMessagingSwift-Beta */ = {
			isa = XCSwiftPackageProductDependency;
			package = 96F246A42B3821D1000CC323 /* XCRemoteSwiftPackageReference "firebase-ios-sdk" */;
			productName = "FirebaseInAppMessagingSwift-Beta";
		};
		96F246CB2B3821D2000CC323 /* FirebaseInstallations */ = {
			isa = XCSwiftPackageProductDependency;
			package = 96F246A42B3821D1000CC323 /* XCRemoteSwiftPackageReference "firebase-ios-sdk" */;
			productName = FirebaseInstallations;
		};
		96F246CD2B3821D2000CC323 /* FirebaseMLModelDownloader */ = {
			isa = XCSwiftPackageProductDependency;
			package = 96F246A42B3821D1000CC323 /* XCRemoteSwiftPackageReference "firebase-ios-sdk" */;
			productName = FirebaseMLModelDownloader;
		};
		96F246CF2B3821D2000CC323 /* FirebaseMessaging */ = {
			isa = XCSwiftPackageProductDependency;
			package = 96F246A42B3821D1000CC323 /* XCRemoteSwiftPackageReference "firebase-ios-sdk" */;
			productName = FirebaseMessaging;
		};
		96F246D12B3821D2000CC323 /* FirebasePerformance */ = {
			isa = XCSwiftPackageProductDependency;
			package = 96F246A42B3821D1000CC323 /* XCRemoteSwiftPackageReference "firebase-ios-sdk" */;
			productName = FirebasePerformance;
		};
		96F246D32B3821D2000CC323 /* FirebaseRemoteConfig */ = {
			isa = XCSwiftPackageProductDependency;
			package = 96F246A42B3821D1000CC323 /* XCRemoteSwiftPackageReference "firebase-ios-sdk" */;
			productName = FirebaseRemoteConfig;
		};
		96F246D52B3821D2000CC323 /* FirebaseRemoteConfigSwift */ = {
			isa = XCSwiftPackageProductDependency;
			package = 96F246A42B3821D1000CC323 /* XCRemoteSwiftPackageReference "firebase-ios-sdk" */;
			productName = FirebaseRemoteConfigSwift;
		};
		96F246D72B3821D2000CC323 /* FirebaseStorage */ = {
			isa = XCSwiftPackageProductDependency;
			package = 96F246A42B3821D1000CC323 /* XCRemoteSwiftPackageReference "firebase-ios-sdk" */;
			productName = FirebaseStorage;
		};
		96F246D92B3821D2000CC323 /* FirebaseStorageCombine-Community */ = {
			isa = XCSwiftPackageProductDependency;
			package = 96F246A42B3821D1000CC323 /* XCRemoteSwiftPackageReference "firebase-ios-sdk" */;
			productName = "FirebaseStorageCombine-Community";
		};
		96F246DC2B3821F4000CC323 /* Kingfisher */ = {
			isa = XCSwiftPackageProductDependency;
			package = 96F246DB2B3821F4000CC323 /* XCRemoteSwiftPackageReference "Kingfisher" */;
			productName = Kingfisher;
		};
/* End XCSwiftPackageProductDependency section */
	};
	rootObject = 96F246892B381F4D000CC323 /* Project object */;
}
